
Microsoft Visual Studio Solution File, Format Version 12.00
# Visual Studio Version 17
VisualStudioVersion = 17.10.35013.160
MinimumVisualStudioVersion = 10.0.40219.1
Project("{FAE04EC0-301F-11D3-BF4B-00C04F79EFBC}") = "MyMarket", "MyMarket\MyMarket.csproj", "{9789E09A-4121-4D76-8A04-B51CC7273398}"
EndProject
Global
	GlobalSection(SolutionConfigurationPlatforms) = preSolution
		Debug|Any CPU = Debug|Any CPU
		Release|Any CPU = Release|Any CPU
	EndGlobalSection
	GlobalSection(ProjectConfigurationPlatforms) = postSolution
		{9789E09A-4121-4D76-8A04-B51CC7273398}.Debug|Any CPU.ActiveCfg = Debug|Any CPU
		{9789E09A-4121-4D76-8A04-B51CC7273398}.Debug|Any CPU.Build.0 = Debug|Any CPU
		{9789E09A-4121-4D76-8A04-B51CC7273398}.Release|Any CPU.ActiveCfg = Release|Any CPU
		{9789E09A-4121-4D76-8A04-B51CC7273398}.Release|Any CPU.Build.0 = Release|Any CPU
	EndGlobalSection
	GlobalSection(SolutionProperties) = preSolution
		HideSolutionNode = FALSE
	EndGlobalSection
	GlobalSection(ExtensibilityGlobals) = postSolution
		SolutionGuid = {E0274589-7079-4EB0-98CC-4F45B4AD0F22}
	EndGlobalSection
EndGlobal
